
Microsoft Visual Studio Solution File, Format Version 12.00
# Visual Studio Version 16
VisualStudioVersion = 16.0.32630.194
MinimumVisualStudioVersion = 10.0.40219.1
Project("{FAE04EC0-301F-11D3-BF4B-00C04F79EFBC}") = "RationalNumbers", "RationalNumbers.csproj", "{97FB8CFD-84F1-45B4-9CC3-8861327F4C65}"
EndProject
Global
	GlobalSection(SolutionConfigurationPlatforms) = preSolution
		Debug|Any CPU = Debug|Any CPU
		Release|Any CPU = Release|Any CPU
	EndGlobalSection
	GlobalSection(ProjectConfigurationPlatforms) = postSolution
		{97FB8CFD-84F1-45B4-9CC3-8861327F4C65}.Debug|Any CPU.ActiveCfg = Debug|Any CPU
		{97FB8CFD-84F1-45B4-9CC3-8861327F4C65}.Debug|Any CPU.Build.0 = Debug|Any CPU
		{97FB8CFD-84F1-45B4-9CC3-8861327F4C65}.Release|Any CPU.ActiveCfg = Release|Any CPU
		{97FB8CFD-84F1-45B4-9CC3-8861327F4C65}.Release|Any CPU.Build.0 = Release|Any CPU
	EndGlobalSection
	GlobalSection(SolutionProperties) = preSolution
		HideSolutionNode = FALSE
	EndGlobalSection
	GlobalSection(ExtensibilityGlobals) = postSolution
		SolutionGuid = {B8EF79E8-B59C-4103-9D6B-58944F5D107E}
	EndGlobalSection
EndGlobal
